// !$*UTF8*$!
{
	archiveVersion = 1;
	classes = {
	};
	objectVersion = 50;
	objects = {

/* Begin PBXBuildFile section */
		1810FF0224586AE40037E0E4 /* SecondViewController.swift in Sources */ = {isa = PBXBuildFile; fileRef = 1810FF0124586AE40037E0E4 /* SecondViewController.swift */; };
		1810FF0424586B4A0037E0E4 /* ThirdViewController.swift in Sources */ = {isa = PBXBuildFile; fileRef = 1810FF0324586B4A0037E0E4 /* ThirdViewController.swift */; };
		1810FF0624586B520037E0E4 /* ForthViewController.swift in Sources */ = {isa = PBXBuildFile; fileRef = 1810FF0524586B520037E0E4 /* ForthViewController.swift */; };
		1810FF0824586B5B0037E0E4 /* FifthViewController.swift in Sources */ = {isa = PBXBuildFile; fileRef = 1810FF0724586B5B0037E0E4 /* FifthViewController.swift */; };
		1810FF0A24586B640037E0E4 /* SixthViewController.swift in Sources */ = {isa = PBXBuildFile; fileRef = 1810FF0924586B640037E0E4 /* SixthViewController.swift */; };
		1810FF0C24586B6D0037E0E4 /* SeventhViewController.swift in Sources */ = {isa = PBXBuildFile; fileRef = 1810FF0B24586B6D0037E0E4 /* SeventhViewController.swift */; };
		1810FF0E24586B7A0037E0E4 /* EighthViewController.swift in Sources */ = {isa = PBXBuildFile; fileRef = 1810FF0D24586B7A0037E0E4 /* EighthViewController.swift */; };
		1810FF1024586B850037E0E4 /* NinthViewController.swift in Sources */ = {isa = PBXBuildFile; fileRef = 1810FF0F24586B850037E0E4 /* NinthViewController.swift */; };
		18AC378324535CB6007E4285 /* AppDelegate.swift in Sources */ = {isa = PBXBuildFile; fileRef = 18AC378224535CB6007E4285 /* AppDelegate.swift */; };
		18AC378524535CB6007E4285 /* SceneDelegate.swift in Sources */ = {isa = PBXBuildFile; fileRef = 18AC378424535CB6007E4285 /* SceneDelegate.swift */; };
		18AC378724535CB6007E4285 /* ViewController.swift in Sources */ = {isa = PBXBuildFile; fileRef = 18AC378624535CB6007E4285 /* ViewController.swift */; };
		18AC378A24535CB6007E4285 /* Main.storyboard in Resources */ = {isa = PBXBuildFile; fileRef = 18AC378824535CB6007E4285 /* Main.storyboard */; };
		18AC378C24535CB7007E4285 /* Assets.xcassets in Resources */ = {isa = PBXBuildFile; fileRef = 18AC378B24535CB7007E4285 /* Assets.xcassets */; };
		18AC378F24535CB7007E4285 /* LaunchScreen.storyboard in Resources */ = {isa = PBXBuildFile; fileRef = 18AC378D24535CB7007E4285 /* LaunchScreen.storyboard */; };
/* End PBXBuildFile section */

/* Begin PBXFileReference section */
		1810FF0124586AE40037E0E4 /* SecondViewController.swift */ = {isa = PBXFileReference; lastKnownFileType = sourcecode.swift; path = SecondViewController.swift; sourceTree = "<group>"; };
		1810FF0324586B4A0037E0E4 /* ThirdViewController.swift */ = {isa = PBXFileReference; lastKnownFileType = sourcecode.swift; path = ThirdViewController.swift; sourceTree = "<group>"; };
		1810FF0524586B520037E0E4 /* ForthViewController.swift */ = {isa = PBXFileReference; lastKnownFileType = sourcecode.swift; path = ForthViewController.swift; sourceTree = "<group>"; };
		1810FF0724586B5B0037E0E4 /* FifthViewController.swift */ = {isa = PBXFileReference; lastKnownFileType = sourcecode.swift; path = FifthViewController.swift; sourceTree = "<group>"; };
		1810FF0924586B640037E0E4 /* SixthViewController.swift */ = {isa = PBXFileReference; lastKnownFileType = sourcecode.swift; path = SixthViewController.swift; sourceTree = "<group>"; };
		1810FF0B24586B6D0037E0E4 /* SeventhViewController.swift */ = {isa = PBXFileReference; lastKnownFileType = sourcecode.swift; path = SeventhViewController.swift; sourceTree = "<group>"; };
		1810FF0D24586B7A0037E0E4 /* EighthViewController.swift */ = {isa = PBXFileReference; lastKnownFileType = sourcecode.swift; path = EighthViewController.swift; sourceTree = "<group>"; };
		1810FF0F24586B850037E0E4 /* NinthViewController.swift */ = {isa = PBXFileReference; lastKnownFileType = sourcecode.swift; path = NinthViewController.swift; sourceTree = "<group>"; };
		18AC377F24535CB6007E4285 /* CutsceneForGAM720.app */ = {isa = PBXFileReference; explicitFileType = wrapper.application; includeInIndex = 0; path = CutsceneForGAM720.app; sourceTree = BUILT_PRODUCTS_DIR; };
		18AC378224535CB6007E4285 /* AppDelegate.swift */ = {isa = PBXFileReference; lastKnownFileType = sourcecode.swift; path = AppDelegate.swift; sourceTree = "<group>"; };
		18AC378424535CB6007E4285 /* SceneDelegate.swift */ = {isa = PBXFileReference; lastKnownFileType = sourcecode.swift; path = SceneDelegate.swift; sourceTree = "<group>"; };
		18AC378624535CB6007E4285 /* ViewController.swift */ = {isa = PBXFileReference; lastKnownFileType = sourcecode.swift; path = ViewController.swift; sourceTree = "<group>"; };
		18AC378924535CB6007E4285 /* Base */ = {isa = PBXFileReference; lastKnownFileType = file.storyboard; name = Base; path = Base.lproj/Main.storyboard; sourceTree = "<group>"; };
		18AC378B24535CB7007E4285 /* Assets.xcassets */ = {isa = PBXFileReference; lastKnownFileType = folder.assetcatalog; path = Assets.xcassets; sourceTree = "<group>"; };
		18AC378E24535CB7007E4285 /* Base */ = {isa = PBXFileReference; lastKnownFileType = file.storyboard; name = Base; path = Base.lproj/LaunchScreen.storyboard; sourceTree = "<group>"; };
		18AC379024535CB7007E4285 /* Info.plist */ = {isa = PBXFileReference; lastKnownFileType = text.plist.xml; path = Info.plist; sourceTree = "<group>"; };
/* End PBXFileReference section */

/* Begin PBXFrameworksBuildPhase section */
		18AC377C24535CB6007E4285 /* Frameworks */ = {
			isa = PBXFrameworksBuildPhase;
			buildActionMask = 2147483647;
			files = (
			);
			runOnlyForDeploymentPostprocessing = 0;
		};
/* End PBXFrameworksBuildPhase section */

/* Begin PBXGroup section */
		1810FF0024586AA90037E0E4 /* Controllers */ = {
			isa = PBXGroup;
			children = (
				18AC378624535CB6007E4285 /* ViewController.swift */,
				1810FF0124586AE40037E0E4 /* SecondViewController.swift */,
				1810FF0324586B4A0037E0E4 /* ThirdViewController.swift */,
				1810FF0524586B520037E0E4 /* ForthViewController.swift */,
				1810FF0724586B5B0037E0E4 /* FifthViewController.swift */,
				1810FF0924586B640037E0E4 /* SixthViewController.swift */,
				1810FF0B24586B6D0037E0E4 /* SeventhViewController.swift */,
				1810FF0D24586B7A0037E0E4 /* EighthViewController.swift */,
				1810FF0F24586B850037E0E4 /* NinthViewController.swift */,
			);
			path = Controllers;
			sourceTree = "<group>";
		};
		1810FF1124586C820037E0E4 /* Storyboard */ = {
			isa = PBXGroup;
			children = (
				18AC378824535CB6007E4285 /* Main.storyboard */,
			);
			path = Storyboard;
			sourceTree = "<group>";
		};
		1810FF1224586C8B0037E0E4 /* Other Files */ = {
			isa = PBXGroup;
			children = (
				18AC378224535CB6007E4285 /* AppDelegate.swift */,
				18AC378424535CB6007E4285 /* SceneDelegate.swift */,
				18AC378D24535CB7007E4285 /* LaunchScreen.storyboard */,
			);
			path = "Other Files";
			sourceTree = "<group>";
		};
		18AC377624535CB6007E4285 = {
			isa = PBXGroup;
			children = (
				18AC378124535CB6007E4285 /* CutsceneForGAM720 */,
				18AC378024535CB6007E4285 /* Products */,
			);
			sourceTree = "<group>";
		};
		18AC378024535CB6007E4285 /* Products */ = {
			isa = PBXGroup;
			children = (
				18AC377F24535CB6007E4285 /* CutsceneForGAM720.app */,
			);
			name = Products;
			sourceTree = "<group>";
		};
		18AC378124535CB6007E4285 /* CutsceneForGAM720 */ = {
			isa = PBXGroup;
			children = (
				1810FF0024586AA90037E0E4 /* Controllers */,
				1810FF1124586C820037E0E4 /* Storyboard */,
				18AC378B24535CB7007E4285 /* Assets.xcassets */,
				1810FF1224586C8B0037E0E4 /* Other Files */,
				18AC379024535CB7007E4285 /* Info.plist */,
			);
			path = CutsceneForGAM720;
			sourceTree = "<group>";
		};
/* End PBXGroup section */

/* Begin PBXNativeTarget section */
		18AC377E24535CB6007E4285 /* CutsceneForGAM720 */ = {
			isa = PBXNativeTarget;
			buildConfigurationList = 18AC379324535CB7007E4285 /* Build configuration list for PBXNativeTarget "CutsceneForGAM720" */;
			buildPhases = (
				18AC377B24535CB6007E4285 /* Sources */,
				18AC377C24535CB6007E4285 /* Frameworks */,
				18AC377D24535CB6007E4285 /* Resources */,
			);
			buildRules = (
			);
			dependencies = (
			);
			name = CutsceneForGAM720;
			productName = CutsceneForGAM720;
			productReference = 18AC377F24535CB6007E4285 /* CutsceneForGAM720.app */;
			productType = "com.apple.product-type.application";
		};
/* End PBXNativeTarget section */

/* Begin PBXProject section */
		18AC377724535CB6007E4285 /* Project object */ = {
			isa = PBXProject;
			attributes = {
				LastSwiftUpdateCheck = 1140;
				LastUpgradeCheck = 1140;
				ORGANIZATIONNAME = "Rachel Saunders";
				TargetAttributes = {
					18AC377E24535CB6007E4285 = {
						CreatedOnToolsVersion = 11.4.1;
					};
				};
			};
			buildConfigurationList = 18AC377A24535CB6007E4285 /* Build configuration list for PBXProject "CutsceneForGAM720" */;
			compatibilityVersion = "Xcode 9.3";
			developmentRegion = en;
			hasScannedForEncodings = 0;
			knownRegions = (
				en,
				Base,
			);
			mainGroup = 18AC377624535CB6007E4285;
			productRefGroup = 18AC378024535CB6007E4285 /* Products */;
			projectDirPath = "";
			projectRoot = "";
			targets = (
				18AC377E24535CB6007E4285 /* CutsceneForGAM720 */,
			);
		};
/* End PBXProject section */

/* Begin PBXResourcesBuildPhase section */
		18AC377D24535CB6007E4285 /* Resources */ = {
			isa = PBXResourcesBuildPhase;
			buildActionMask = 2147483647;
			files = (
				18AC378F24535CB7007E4285 /* LaunchScreen.storyboard in Resources */,
				18AC378C24535CB7007E4285 /* Assets.xcassets in Resources */,
				18AC378A24535CB6007E4285 /* Main.storyboard in Resources */,
			);
			runOnlyForDeploymentPostprocessing = 0;
		};
/* End PBXResourcesBuildPhase section */

/* Begin PBXSourcesBuildPhase section */
		18AC377B24535CB6007E4285 /* Sources */ = {
			isa = PBXSourcesBuildPhase;
			buildActionMask = 2147483647;
			files = (
				1810FF0624586B520037E0E4 /* ForthViewController.swift in Sources */,
				1810FF0224586AE40037E0E4 /* SecondViewController.swift in Sources */,
				1810FF0C24586B6D0037E0E4 /* SeventhViewController.swift in Sources */,
				18AC378724535CB6007E4285 /* ViewController.swift in Sources */,
				1810FF1024586B850037E0E4 /* NinthViewController.swift in Sources */,
				1810FF0A24586B640037E0E4 /* SixthViewController.swift in Sources */,
				1810FF0E24586B7A0037E0E4 /* EighthViewController.swift in Sources */,
				1810FF0424586B4A0037E0E4 /* ThirdViewController.swift in Sources */,
				18AC378324535CB6007E4285 /* AppDelegate.swift in Sources */,
				18AC378524535CB6007E4285 /* SceneDelegate.swift in Sources */,
				1810FF0824586B5B0037E0E4 /* FifthViewController.swift in Sources */,
			);
			runOnlyForDeploymentPostprocessing = 0;
		};
/* End PBXSourcesBuildPhase section */

/* Begin PBXVariantGroup section */
		18AC378824535CB6007E4285 /* Main.storyboard */ = {
			isa = PBXVariantGroup;
			children = (
				18AC378924535CB6007E4285 /* Base */,
			);
			name = Main.storyboard;
			sourceTree = "<group>";
		};
		18AC378D24535CB7007E4285 /* LaunchScreen.storyboard */ = {
			isa = PBXVariantGroup;
			children = (
				18AC378E24535CB7007E4285 /* Base */,
			);
			name = LaunchScreen.storyboard;
			sourceTree = "<group>";
		};
/* End PBXVariantGroup section */

/* Begin XCBuildConfiguration section */
		18AC379124535CB7007E4285 /* Debug */ = {
			isa = XCBuildConfiguration;
			buildSettings = {
				ALWAYS_SEARCH_USER_PATHS = NO;
				CLANG_ANALYZER_NONNULL = YES;
				CLANG_ANALYZER_NUMBER_OBJECT_CONVERSION = YES_AGGRESSIVE;
				CLANG_CXX_LANGUAGE_STANDARD = "gnu++14";
				CLANG_CXX_LIBRARY = "libc++";
				CLANG_ENABLE_MODULES = YES;
				CLANG_ENABLE_OBJC_ARC = YES;
				CLANG_ENABLE_OBJC_WEAK = YES;
				CLANG_WARN_BLOCK_CAPTURE_AUTORELEASING = YES;
				CLANG_WARN_BOOL_CONVERSION = YES;
				CLANG_WARN_COMMA = YES;
				CLANG_WARN_CONSTANT_CONVERSION = YES;
				CLANG_WARN_DEPRECATED_OBJC_IMPLEMENTATIONS = YES;
				CLANG_WARN_DIRECT_OBJC_ISA_USAGE = YES_ERROR;
				CLANG_WARN_DOCUMENTATION_COMMENTS = YES;
				CLANG_WARN_EMPTY_BODY = YES;
				CLANG_WARN_ENUM_CONVERSION = YES;
				CLANG_WARN_INFINITE_RECURSION = YES;
				CLANG_WARN_INT_CONVERSION = YES;
				CLANG_WARN_NON_LITERAL_NULL_CONVERSION = YES;
				CLANG_WARN_OBJC_IMPLICIT_RETAIN_SELF = YES;
				CLANG_WARN_OBJC_LITERAL_CONVERSION = YES;
				CLANG_WARN_OBJC_ROOT_CLASS = YES_ERROR;
				CLANG_WARN_RANGE_LOOP_ANALYSIS = YES;
				CLANG_WARN_STRICT_PROTOTYPES = YES;
				CLANG_WARN_SUSPICIOUS_MOVE = YES;
				CLANG_WARN_UNGUARDED_AVAILABILITY = YES_AGGRESSIVE;
				CLANG_WARN_UNREACHABLE_CODE = YES;
				CLANG_WARN__DUPLICATE_METHOD_MATCH = YES;
				COPY_PHASE_STRIP = NO;
				DEBUG_INFORMATION_FORMAT = dwarf;
				ENABLE_STRICT_OBJC_MSGSEND = YES;
				ENABLE_TESTABILITY = YES;
				GCC_C_LANGUAGE_STANDARD = gnu11;
				GCC_DYNAMIC_NO_PIC = NO;
				GCC_NO_COMMON_BLOCKS = YES;
				GCC_OPTIMIZATION_LEVEL = 0;
				GCC_PREPROCESSOR_DEFINITIONS = (
					"DEBUG=1",
					"$(inherited)",
				);
				GCC_WARN_64_TO_32_BIT_CONVERSION = YES;
				GCC_WARN_ABOUT_RETURN_TYPE = YES_ERROR;
				GCC_WARN_UNDECLARED_SELECTOR = YES;
				GCC_WARN_UNINITIALIZED_AUTOS = YES_AGGRESSIVE;
				GCC_WARN_UNUSED_FUNCTION = YES;
				GCC_WARN_UNUSED_VARIABLE = YES;
				IPHONEOS_DEPLOYMENT_TARGET = 13.4;
				MTL_ENABLE_DEBUG_INFO = INCLUDE_SOURCE;
				MTL_FAST_MATH = YES;
				ONLY_ACTIVE_ARCH = YES;
				SDKROOT = iphoneos;
				SWIFT_ACTIVE_COMPILATION_CONDITIONS = DEBUG;
				SWIFT_OPTIMIZATION_LEVEL = "-Onone";
			};
			name = Debug;
		};
		18AC379224535CB7007E4285 /* Release */ = {
			isa = XCBuildConfiguration;
			buildSettings = {
				ALWAYS_SEARCH_USER_PATHS = NO;
				CLANG_ANALYZER_NONNULL = YES;
				CLANG_ANALYZER_NUMBER_OBJECT_CONVERSION = YES_AGGRESSIVE;
				CLANG_CXX_LANGUAGE_STANDARD = "gnu++14";
				CLANG_CXX_LIBRARY = "libc++";
				CLANG_ENABLE_MODULES = YES;
				CLANG_ENABLE_OBJC_ARC = YES;
				CLANG_ENABLE_OBJC_WEAK = YES;
				CLANG_WARN_BLOCK_CAPTURE_AUTORELEASING = YES;
				CLANG_WARN_BOOL_CONVERSION = YES;
				CLANG_WARN_COMMA = YES;
				CLANG_WARN_CONSTANT_CONVERSION = YES;
				CLANG_WARN_DEPRECATED_OBJC_IMPLEMENTATIONS = YES;
				CLANG_WARN_DIRECT_OBJC_ISA_USAGE = YES_ERROR;
				CLANG_WARN_DOCUMENTATION_COMMENTS = YES;
				CLANG_WARN_EMPTY_BODY = YES;
				CLANG_WARN_ENUM_CONVERSION = YES;
				CLANG_WARN_INFINITE_RECURSION = YES;
				CLANG_WARN_INT_CONVERSION = YES;
				CLANG_WARN_NON_LITERAL_NULL_CONVERSION = YES;
				CLANG_WARN_OBJC_IMPLICIT_RETAIN_SELF = YES;
				CLANG_WARN_OBJC_LITERAL_CONVERSION = YES;
				CLANG_WARN_OBJC_ROOT_CLASS = YES_ERROR;
				CLANG_WARN_RANGE_LOOP_ANALYSIS = YES;
				CLANG_WARN_STRICT_PROTOTYPES = YES;
				CLANG_WARN_SUSPICIOUS_MOVE = YES;
				CLANG_WARN_UNGUARDED_AVAILABILITY = YES_AGGRESSIVE;
				CLANG_WARN_UNREACHABLE_CODE = YES;
				CLANG_WARN__DUPLICATE_METHOD_MATCH = YES;
				COPY_PHASE_STRIP = NO;
				DEBUG_INFORMATION_FORMAT = "dwarf-with-dsym";
				ENABLE_NS_ASSERTIONS = NO;
				ENABLE_STRICT_OBJC_MSGSEND = YES;
				GCC_C_LANGUAGE_STANDARD = gnu11;
				GCC_NO_COMMON_BLOCKS = YES;
				GCC_WARN_64_TO_32_BIT_CONVERSION = YES;
				GCC_WARN_ABOUT_RETURN_TYPE = YES_ERROR;
				GCC_WARN_UNDECLARED_SELECTOR = YES;
				GCC_WARN_UNINITIALIZED_AUTOS = YES_AGGRESSIVE;
				GCC_WARN_UNUSED_FUNCTION = YES;
				GCC_WARN_UNUSED_VARIABLE = YES;
				IPHONEOS_DEPLOYMENT_TARGET = 13.4;
				MTL_ENABLE_DEBUG_INFO = NO;
				MTL_FAST_MATH = YES;
				SDKROOT = iphoneos;
				SWIFT_COMPILATION_MODE = wholemodule;
				SWIFT_OPTIMIZATION_LEVEL = "-O";
				VALIDATE_PRODUCT = YES;
			};
			name = Release;
		};
		18AC379424535CB7007E4285 /* Debug */ = {
			isa = XCBuildConfiguration;
			buildSettings = {
				ASSETCATALOG_COMPILER_APPICON_NAME = AppIcon;
				CODE_SIGN_STYLE = Automatic;
				DEVELOPMENT_TEAM = CFMS5Y826S;
				INFOPLIST_FILE = CutsceneForGAM720/Info.plist;
				LD_RUNPATH_SEARCH_PATHS = (
					"$(inherited)",
					"@executable_path/Frameworks",
				);
				PRODUCT_BUNDLE_IDENTIFIER = com.rachelsaunders.CutsceneForGAM720;
				PRODUCT_NAME = "$(TARGET_NAME)";
				SWIFT_VERSION = 5.0;
				TARGETED_DEVICE_FAMILY = "1,2";
			};
			name = Debug;
		};
		18AC379524535CB7007E4285 /* Release */ = {
			isa = XCBuildConfiguration;
			buildSettings = {
				ASSETCATALOG_COMPILER_APPICON_NAME = AppIcon;
				CODE_SIGN_STYLE = Automatic;
				DEVELOPMENT_TEAM = CFMS5Y826S;
				INFOPLIST_FILE = CutsceneForGAM720/Info.plist;
				LD_RUNPATH_SEARCH_PATHS = (
					"$(inherited)",
					"@executable_path/Frameworks",
				);
				PRODUCT_BUNDLE_IDENTIFIER = com.rachelsaunders.CutsceneForGAM720;
				PRODUCT_NAME = "$(TARGET_NAME)";
				SWIFT_VERSION = 5.0;
				TARGETED_DEVICE_FAMILY = "1,2";
			};
			name = Release;
		};
/* End XCBuildConfiguration section */

/* Begin XCConfigurationList section */
		18AC377A24535CB6007E4285 /* Build configuration list for PBXProject "CutsceneForGAM720" */ = {
			isa = XCConfigurationList;
			buildConfigurations = (
				18AC379124535CB7007E4285 /* Debug */,
				18AC379224535CB7007E4285 /* Release */,
			);
			defaultConfigurationIsVisible = 0;
			defaultConfigurationName = Release;
		};
		18AC379324535CB7007E4285 /* Build configuration list for PBXNativeTarget "CutsceneForGAM720" */ = {
			isa = XCConfigurationList;
			buildConfigurations = (
				18AC379424535CB7007E4285 /* Debug */,
				18AC379524535CB7007E4285 /* Release */,
			);
			defaultConfigurationIsVisible = 0;
			defaultConfigurationName = Release;
		};
/* End XCConfigurationList section */
	};
	rootObject = 18AC377724535CB6007E4285 /* Project object */;
}
